
Microsoft Visual Studio Solution File, Format Version 12.00
# Visual Studio 15
VisualStudioVersion = 15.0.26430.15
MinimumVisualStudioVersion = 10.0.40219.1
Project("{FAE04EC0-301F-11D3-BF4B-00C04F79EFBC}") = "WorkshopASPNet", "WorkshopASPNet\WorkshopASPNet.csproj", "{FC44990E-35AA-44A8-8648-4862400471C5}"
EndProject
Project("{FAE04EC0-301F-11D3-BF4B-00C04F79EFBC}") = "WebApplication1", "WebApplication1\WebApplication1.csproj", "{7291E0EB-DA26-4D86-8A78-3EDE94F21A60}"
EndProject
Project("{FAE04EC0-301F-11D3-BF4B-00C04F79EFBC}") = "UnitTestProject1", "UnitTestProject1\UnitTestProject1.csproj", "{C541B731-AF22-4376-8D15-4882FDA06F6B}"
EndProject
Project("{FAE04EC0-301F-11D3-BF4B-00C04F79EFBC}") = "XamarinTest.Android", "XamarinTest\XamarinTest.Android\XamarinTest.Android.csproj", "{73965DAF-DFF5-4343-AA3C-898A70F4260A}"
EndProject
Project("{FAE04EC0-301F-11D3-BF4B-00C04F79EFBC}") = "XamarinTest", "XamarinTest\XamarinTest\XamarinTest.csproj", "{2126C864-7AE7-4372-B2AA-F7FEF9E381A7}"
EndProject
Project("{FAE04EC0-301F-11D3-BF4B-00C04F79EFBC}") = "XamarinTest.UWP", "XamarinTest\XamarinTest.UWP\XamarinTest.UWP.csproj", "{C94D0F38-285B-4ADA-A24D-468DDB59D63E}"
EndProject
Project("{FAE04EC0-301F-11D3-BF4B-00C04F79EFBC}") = "XamarinTest.iOS", "XamarinTest\XamarinTest.iOS\XamarinTest.iOS.csproj", "{BA486F88-9943-49C1-B5C3-B2488F7698BC}"
EndProject
Global
	GlobalSection(SolutionConfigurationPlatforms) = preSolution
		Ad-Hoc|Any CPU = Ad-Hoc|Any CPU
		Ad-Hoc|ARM = Ad-Hoc|ARM
		Ad-Hoc|iPhone = Ad-Hoc|iPhone
		Ad-Hoc|iPhoneSimulator = Ad-Hoc|iPhoneSimulator
		Ad-Hoc|x64 = Ad-Hoc|x64
		Ad-Hoc|x86 = Ad-Hoc|x86
		AppStore|Any CPU = AppStore|Any CPU
		AppStore|ARM = AppStore|ARM
		AppStore|iPhone = AppStore|iPhone
		AppStore|iPhoneSimulator = AppStore|iPhoneSimulator
		AppStore|x64 = AppStore|x64
		AppStore|x86 = AppStore|x86
		Debug|Any CPU = Debug|Any CPU
		Debug|ARM = Debug|ARM
		Debug|iPhone = Debug|iPhone
		Debug|iPhoneSimulator = Debug|iPhoneSimulator
		Debug|x64 = Debug|x64
		Debug|x86 = Debug|x86
		Release|Any CPU = Release|Any CPU
		Release|ARM = Release|ARM
		Release|iPhone = Release|iPhone
		Release|iPhoneSimulator = Release|iPhoneSimulator
		Release|x64 = Release|x64
		Release|x86 = Release|x86
	EndGlobalSection
	GlobalSection(ProjectConfigurationPlatforms) = postSolution
		{FC44990E-35AA-44A8-8648-4862400471C5}.Ad-Hoc|Any CPU.ActiveCfg = Release|Any CPU
		{FC44990E-35AA-44A8-8648-4862400471C5}.Ad-Hoc|Any CPU.Build.0 = Release|Any CPU
		{FC44990E-35AA-44A8-8648-4862400471C5}.Ad-Hoc|ARM.ActiveCfg = Release|Any CPU
		{FC44990E-35AA-44A8-8648-4862400471C5}.Ad-Hoc|ARM.Build.0 = Release|Any CPU
		{FC44990E-35AA-44A8-8648-4862400471C5}.Ad-Hoc|iPhone.ActiveCfg = Release|Any CPU
		{FC44990E-35AA-44A8-8648-4862400471C5}.Ad-Hoc|iPhone.Build.0 = Release|Any CPU
		{FC44990E-35AA-44A8-8648-4862400471C5}.Ad-Hoc|iPhoneSimulator.ActiveCfg = Release|Any CPU
		{FC44990E-35AA-44A8-8648-4862400471C5}.Ad-Hoc|iPhoneSimulator.Build.0 = Release|Any CPU
		{FC44990E-35AA-44A8-8648-4862400471C5}.Ad-Hoc|x64.ActiveCfg = Release|Any CPU
		{FC44990E-35AA-44A8-8648-4862400471C5}.Ad-Hoc|x64.Build.0 = Release|Any CPU
		{FC44990E-35AA-44A8-8648-4862400471C5}.Ad-Hoc|x86.ActiveCfg = Release|Any CPU
		{FC44990E-35AA-44A8-8648-4862400471C5}.Ad-Hoc|x86.Build.0 = Release|Any CPU
		{FC44990E-35AA-44A8-8648-4862400471C5}.AppStore|Any CPU.ActiveCfg = Release|Any CPU
		{FC44990E-35AA-44A8-8648-4862400471C5}.AppStore|Any CPU.Build.0 = Release|Any CPU
		{FC44990E-35AA-44A8-8648-4862400471C5}.AppStore|ARM.ActiveCfg = Release|Any CPU
		{FC44990E-35AA-44A8-8648-4862400471C5}.AppStore|ARM.Build.0 = Release|Any CPU
		{FC44990E-35AA-44A8-8648-4862400471C5}.AppStore|iPhone.ActiveCfg = Release|Any CPU
		{FC44990E-35AA-44A8-8648-4862400471C5}.AppStore|iPhone.Build.0 = Release|Any CPU
		{FC44990E-35AA-44A8-8648-4862400471C5}.AppStore|iPhoneSimulator.ActiveCfg = Release|Any CPU
		{FC44990E-35AA-44A8-8648-4862400471C5}.AppStore|iPhoneSimulator.Build.0 = Release|Any CPU
		{FC44990E-35AA-44A8-8648-4862400471C5}.AppStore|x64.ActiveCfg = Release|Any CPU
		{FC44990E-35AA-44A8-8648-4862400471C5}.AppStore|x64.Build.0 = Release|Any CPU
		{FC44990E-35AA-44A8-8648-4862400471C5}.AppStore|x86.ActiveCfg = Release|Any CPU
		{FC44990E-35AA-44A8-8648-4862400471C5}.AppStore|x86.Build.0 = Release|Any CPU
		{FC44990E-35AA-44A8-8648-4862400471C5}.Debug|Any CPU.ActiveCfg = Debug|Any CPU
		{FC44990E-35AA-44A8-8648-4862400471C5}.Debug|Any CPU.Build.0 = Debug|Any CPU
		{FC44990E-35AA-44A8-8648-4862400471C5}.Debug|ARM.ActiveCfg = Debug|Any CPU
		{FC44990E-35AA-44A8-8648-4862400471C5}.Debug|ARM.Build.0 = Debug|Any CPU
		{FC44990E-35AA-44A8-8648-4862400471C5}.Debug|iPhone.ActiveCfg = Debug|Any CPU
		{FC44990E-35AA-44A8-8648-4862400471C5}.Debug|iPhone.Build.0 = Debug|Any CPU
		{FC44990E-35AA-44A8-8648-4862400471C5}.Debug|iPhoneSimulator.ActiveCfg = Debug|Any CPU
		{FC44990E-35AA-44A8-8648-4862400471C5}.Debug|iPhoneSimulator.Build.0 = Debug|Any CPU
		{FC44990E-35AA-44A8-8648-4862400471C5}.Debug|x64.ActiveCfg = Debug|Any CPU
		{FC44990E-35AA-44A8-8648-4862400471C5}.Debug|x64.Build.0 = Debug|Any CPU
		{FC44990E-35AA-44A8-8648-4862400471C5}.Debug|x86.ActiveCfg = Debug|Any CPU
		{FC44990E-35AA-44A8-8648-4862400471C5}.Debug|x86.Build.0 = Debug|Any CPU
		{FC44990E-35AA-44A8-8648-4862400471C5}.Release|Any CPU.ActiveCfg = Release|Any CPU
		{FC44990E-35AA-44A8-8648-4862400471C5}.Release|Any CPU.Build.0 = Release|Any CPU
		{FC44990E-35AA-44A8-8648-4862400471C5}.Release|ARM.ActiveCfg = Release|Any CPU
		{FC44990E-35AA-44A8-8648-4862400471C5}.Release|ARM.Build.0 = Release|Any CPU
		{FC44990E-35AA-44A8-8648-4862400471C5}.Release|iPhone.ActiveCfg = Release|Any CPU
		{FC44990E-35AA-44A8-8648-4862400471C5}.Release|iPhone.Build.0 = Release|Any CPU
		{FC44990E-35AA-44A8-8648-4862400471C5}.Release|iPhoneSimulator.ActiveCfg = Release|Any CPU
		{FC44990E-35AA-44A8-8648-4862400471C5}.Release|iPhoneSimulator.Build.0 = Release|Any CPU
		{FC44990E-35AA-44A8-8648-4862400471C5}.Release|x64.ActiveCfg = Release|Any CPU
		{FC44990E-35AA-44A8-8648-4862400471C5}.Release|x64.Build.0 = Release|Any CPU
		{FC44990E-35AA-44A8-8648-4862400471C5}.Release|x86.ActiveCfg = Release|Any CPU
		{FC44990E-35AA-44A8-8648-4862400471C5}.Release|x86.Build.0 = Release|Any CPU
		{7291E0EB-DA26-4D86-8A78-3EDE94F21A60}.Ad-Hoc|Any CPU.ActiveCfg = Release|Any CPU
		{7291E0EB-DA26-4D86-8A78-3EDE94F21A60}.Ad-Hoc|Any CPU.Build.0 = Release|Any CPU
		{7291E0EB-DA26-4D86-8A78-3EDE94F21A60}.Ad-Hoc|ARM.ActiveCfg = Release|Any CPU
		{7291E0EB-DA26-4D86-8A78-3EDE94F21A60}.Ad-Hoc|ARM.Build.0 = Release|Any CPU
		{7291E0EB-DA26-4D86-8A78-3EDE94F21A60}.Ad-Hoc|iPhone.ActiveCfg = Release|Any CPU
		{7291E0EB-DA26-4D86-8A78-3EDE94F21A60}.Ad-Hoc|iPhone.Build.0 = Release|Any CPU
		{7291E0EB-DA26-4D86-8A78-3EDE94F21A60}.Ad-Hoc|iPhoneSimulator.ActiveCfg = Release|Any CPU
		{7291E0EB-DA26-4D86-8A78-3EDE94F21A60}.Ad-Hoc|iPhoneSimulator.Build.0 = Release|Any CPU
		{7291E0EB-DA26-4D86-8A78-3EDE94F21A60}.Ad-Hoc|x64.ActiveCfg = Release|Any CPU
		{7291E0EB-DA26-4D86-8A78-3EDE94F21A60}.Ad-Hoc|x64.Build.0 = Release|Any CPU
		{7291E0EB-DA26-4D86-8A78-3EDE94F21A60}.Ad-Hoc|x86.ActiveCfg = Release|Any CPU
		{7291E0EB-DA26-4D86-8A78-3EDE94F21A60}.Ad-Hoc|x86.Build.0 = Release|Any CPU
		{7291E0EB-DA26-4D86-8A78-3EDE94F21A60}.AppStore|Any CPU.ActiveCfg = Release|Any CPU
		{7291E0EB-DA26-4D86-8A78-3EDE94F21A60}.AppStore|Any CPU.Build.0 = Release|Any CPU
		{7291E0EB-DA26-4D86-8A78-3EDE94F21A60}.AppStore|ARM.ActiveCfg = Release|Any CPU
		{7291E0EB-DA26-4D86-8A78-3EDE94F21A60}.AppStore|ARM.Build.0 = Release|Any CPU
		{7291E0EB-DA26-4D86-8A78-3EDE94F21A60}.AppStore|iPhone.ActiveCfg = Release|Any CPU
		{7291E0EB-DA26-4D86-8A78-3EDE94F21A60}.AppStore|iPhone.Build.0 = Release|Any CPU
		{7291E0EB-DA26-4D86-8A78-3EDE94F21A60}.AppStore|iPhoneSimulator.ActiveCfg = Release|Any CPU
		{7291E0EB-DA26-4D86-8A78-3EDE94F21A60}.AppStore|iPhoneSimulator.Build.0 = Release|Any CPU
		{7291E0EB-DA26-4D86-8A78-3EDE94F21A60}.AppStore|x64.ActiveCfg = Release|Any CPU
		{7291E0EB-DA26-4D86-8A78-3EDE94F21A60}.AppStore|x64.Build.0 = Release|Any CPU
		{7291E0EB-DA26-4D86-8A78-3EDE94F21A60}.AppStore|x86.ActiveCfg = Release|Any CPU
		{7291E0EB-DA26-4D86-8A78-3EDE94F21A60}.AppStore|x86.Build.0 = Release|Any CPU
		{7291E0EB-DA26-4D86-8A78-3EDE94F21A60}.Debug|Any CPU.ActiveCfg = Debug|Any CPU
		{7291E0EB-DA26-4D86-8A78-3EDE94F21A60}.Debug|Any CPU.Build.0 = Debug|Any CPU
		{7291E0EB-DA26-4D86-8A78-3EDE94F21A60}.Debug|ARM.ActiveCfg = Debug|Any CPU
		{7291E0EB-DA26-4D86-8A78-3EDE94F21A60}.Debug|ARM.Build.0 = Debug|Any CPU
		{7291E0EB-DA26-4D86-8A78-3EDE94F21A60}.Debug|iPhone.ActiveCfg = Debug|Any CPU
		{7291E0EB-DA26-4D86-8A78-3EDE94F21A60}.Debug|iPhone.Build.0 = Debug|Any CPU
		{7291E0EB-DA26-4D86-8A78-3EDE94F21A60}.Debug|iPhoneSimulator.ActiveCfg = Debug|Any CPU
		{7291E0EB-DA26-4D86-8A78-3EDE94F21A60}.Debug|iPhoneSimulator.Build.0 = Debug|Any CPU
		{7291E0EB-DA26-4D86-8A78-3EDE94F21A60}.Debug|x64.ActiveCfg = Debug|Any CPU
		{7291E0EB-DA26-4D86-8A78-3EDE94F21A60}.Debug|x64.Build.0 = Debug|Any CPU
		{7291E0EB-DA26-4D86-8A78-3EDE94F21A60}.Debug|x86.ActiveCfg = Debug|Any CPU
		{7291E0EB-DA26-4D86-8A78-3EDE94F21A60}.Debug|x86.Build.0 = Debug|Any CPU
		{7291E0EB-DA26-4D86-8A78-3EDE94F21A60}.Release|Any CPU.ActiveCfg = Release|Any CPU
		{7291E0EB-DA26-4D86-8A78-3EDE94F21A60}.Release|Any CPU.Build.0 = Release|Any CPU
		{7291E0EB-DA26-4D86-8A78-3EDE94F21A60}.Release|ARM.ActiveCfg = Release|Any CPU
		{7291E0EB-DA26-4D86-8A78-3EDE94F21A60}.Release|ARM.Build.0 = Release|Any CPU
		{7291E0EB-DA26-4D86-8A78-3EDE94F21A60}.Release|iPhone.ActiveCfg = Release|Any CPU
		{7291E0EB-DA26-4D86-8A78-3EDE94F21A60}.Release|iPhone.Build.0 = Release|Any CPU
		{7291E0EB-DA26-4D86-8A78-3EDE94F21A60}.Release|iPhoneSimulator.ActiveCfg = Release|Any CPU
		{7291E0EB-DA26-4D86-8A78-3EDE94F21A60}.Release|iPhoneSimulator.Build.0 = Release|Any CPU
		{7291E0EB-DA26-4D86-8A78-3EDE94F21A60}.Release|x64.ActiveCfg = Release|Any CPU
		{7291E0EB-DA26-4D86-8A78-3EDE94F21A60}.Release|x64.Build.0 = Release|Any CPU
		{7291E0EB-DA26-4D86-8A78-3EDE94F21A60}.Release|x86.ActiveCfg = Release|Any CPU
		{7291E0EB-DA26-4D86-8A78-3EDE94F21A60}.Release|x86.Build.0 = Release|Any CPU
		{C541B731-AF22-4376-8D15-4882FDA06F6B}.Ad-Hoc|Any CPU.ActiveCfg = Release|Any CPU
		{C541B731-AF22-4376-8D15-4882FDA06F6B}.Ad-Hoc|Any CPU.Build.0 = Release|Any CPU
		{C541B731-AF22-4376-8D15-4882FDA06F6B}.Ad-Hoc|ARM.ActiveCfg = Release|Any CPU
		{C541B731-AF22-4376-8D15-4882FDA06F6B}.Ad-Hoc|ARM.Build.0 = Release|Any CPU
		{C541B731-AF22-4376-8D15-4882FDA06F6B}.Ad-Hoc|iPhone.ActiveCfg = Release|Any CPU
		{C541B731-AF22-4376-8D15-4882FDA06F6B}.Ad-Hoc|iPhone.Build.0 = Release|Any CPU
		{C541B731-AF22-4376-8D15-4882FDA06F6B}.Ad-Hoc|iPhoneSimulator.ActiveCfg = Release|Any CPU
		{C541B731-AF22-4376-8D15-4882FDA06F6B}.Ad-Hoc|iPhoneSimulator.Build.0 = Release|Any CPU
		{C541B731-AF22-4376-8D15-4882FDA06F6B}.Ad-Hoc|x64.ActiveCfg = Release|Any CPU
		{C541B731-AF22-4376-8D15-4882FDA06F6B}.Ad-Hoc|x64.Build.0 = Release|Any CPU
		{C541B731-AF22-4376-8D15-4882FDA06F6B}.Ad-Hoc|x86.ActiveCfg = Release|Any CPU
		{C541B731-AF22-4376-8D15-4882FDA06F6B}.Ad-Hoc|x86.Build.0 = Release|Any CPU
		{C541B731-AF22-4376-8D15-4882FDA06F6B}.AppStore|Any CPU.ActiveCfg = Release|Any CPU
		{C541B731-AF22-4376-8D15-4882FDA06F6B}.AppStore|Any CPU.Build.0 = Release|Any CPU
		{C541B731-AF22-4376-8D15-4882FDA06F6B}.AppStore|ARM.ActiveCfg = Release|Any CPU
		{C541B731-AF22-4376-8D15-4882FDA06F6B}.AppStore|ARM.Build.0 = Release|Any CPU
		{C541B731-AF22-4376-8D15-4882FDA06F6B}.AppStore|iPhone.ActiveCfg = Release|Any CPU
		{C541B731-AF22-4376-8D15-4882FDA06F6B}.AppStore|iPhone.Build.0 = Release|Any CPU
		{C541B731-AF22-4376-8D15-4882FDA06F6B}.AppStore|iPhoneSimulator.ActiveCfg = Release|Any CPU
		{C541B731-AF22-4376-8D15-4882FDA06F6B}.AppStore|iPhoneSimulator.Build.0 = Release|Any CPU
		{C541B731-AF22-4376-8D15-4882FDA06F6B}.AppStore|x64.ActiveCfg = Release|Any CPU
		{C541B731-AF22-4376-8D15-4882FDA06F6B}.AppStore|x64.Build.0 = Release|Any CPU
		{C541B731-AF22-4376-8D15-4882FDA06F6B}.AppStore|x86.ActiveCfg = Release|Any CPU
		{C541B731-AF22-4376-8D15-4882FDA06F6B}.AppStore|x86.Build.0 = Release|Any CPU
		{C541B731-AF22-4376-8D15-4882FDA06F6B}.Debug|Any CPU.ActiveCfg = Debug|Any CPU
		{C541B731-AF22-4376-8D15-4882FDA06F6B}.Debug|Any CPU.Build.0 = Debug|Any CPU
		{C541B731-AF22-4376-8D15-4882FDA06F6B}.Debug|ARM.ActiveCfg = Debug|Any CPU
		{C541B731-AF22-4376-8D15-4882FDA06F6B}.Debug|ARM.Build.0 = Debug|Any CPU
		{C541B731-AF22-4376-8D15-4882FDA06F6B}.Debug|iPhone.ActiveCfg = Debug|Any CPU
		{C541B731-AF22-4376-8D15-4882FDA06F6B}.Debug|iPhone.Build.0 = Debug|Any CPU
		{C541B731-AF22-4376-8D15-4882FDA06F6B}.Debug|iPhoneSimulator.ActiveCfg = Debug|Any CPU
		{C541B731-AF22-4376-8D15-4882FDA06F6B}.Debug|iPhoneSimulator.Build.0 = Debug|Any CPU
		{C541B731-AF22-4376-8D15-4882FDA06F6B}.Debug|x64.ActiveCfg = Debug|Any CPU
		{C541B731-AF22-4376-8D15-4882FDA06F6B}.Debug|x64.Build.0 = Debug|Any CPU
		{C541B731-AF22-4376-8D15-4882FDA06F6B}.Debug|x86.ActiveCfg = Debug|Any CPU
		{C541B731-AF22-4376-8D15-4882FDA06F6B}.Debug|x86.Build.0 = Debug|Any CPU
		{C541B731-AF22-4376-8D15-4882FDA06F6B}.Release|Any CPU.ActiveCfg = Release|Any CPU
		{C541B731-AF22-4376-8D15-4882FDA06F6B}.Release|Any CPU.Build.0 = Release|Any CPU
		{C541B731-AF22-4376-8D15-4882FDA06F6B}.Release|ARM.ActiveCfg = Release|Any CPU
		{C541B731-AF22-4376-8D15-4882FDA06F6B}.Release|ARM.Build.0 = Release|Any CPU
		{C541B731-AF22-4376-8D15-4882FDA06F6B}.Release|iPhone.ActiveCfg = Release|Any CPU
		{C541B731-AF22-4376-8D15-4882FDA06F6B}.Release|iPhone.Build.0 = Release|Any CPU
		{C541B731-AF22-4376-8D15-4882FDA06F6B}.Release|iPhoneSimulator.ActiveCfg = Release|Any CPU
		{C541B731-AF22-4376-8D15-4882FDA06F6B}.Release|iPhoneSimulator.Build.0 = Release|Any CPU
		{C541B731-AF22-4376-8D15-4882FDA06F6B}.Release|x64.ActiveCfg = Release|Any CPU
		{C541B731-AF22-4376-8D15-4882FDA06F6B}.Release|x64.Build.0 = Release|Any CPU
		{C541B731-AF22-4376-8D15-4882FDA06F6B}.Release|x86.ActiveCfg = Release|Any CPU
		{C541B731-AF22-4376-8D15-4882FDA06F6B}.Release|x86.Build.0 = Release|Any CPU
		{73965DAF-DFF5-4343-AA3C-898A70F4260A}.Ad-Hoc|Any CPU.ActiveCfg = Release|Any CPU
		{73965DAF-DFF5-4343-AA3C-898A70F4260A}.Ad-Hoc|Any CPU.Build.0 = Release|Any CPU
		{73965DAF-DFF5-4343-AA3C-898A70F4260A}.Ad-Hoc|Any CPU.Deploy.0 = Release|Any CPU
		{73965DAF-DFF5-4343-AA3C-898A70F4260A}.Ad-Hoc|ARM.ActiveCfg = Release|Any CPU
		{73965DAF-DFF5-4343-AA3C-898A70F4260A}.Ad-Hoc|ARM.Build.0 = Release|Any CPU
		{73965DAF-DFF5-4343-AA3C-898A70F4260A}.Ad-Hoc|ARM.Deploy.0 = Release|Any CPU
		{73965DAF-DFF5-4343-AA3C-898A70F4260A}.Ad-Hoc|iPhone.ActiveCfg = Release|Any CPU
		{73965DAF-DFF5-4343-AA3C-898A70F4260A}.Ad-Hoc|iPhone.Build.0 = Release|Any CPU
		{73965DAF-DFF5-4343-AA3C-898A70F4260A}.Ad-Hoc|iPhone.Deploy.0 = Release|Any CPU
		{73965DAF-DFF5-4343-AA3C-898A70F4260A}.Ad-Hoc|iPhoneSimulator.ActiveCfg = Release|Any CPU
		{73965DAF-DFF5-4343-AA3C-898A70F4260A}.Ad-Hoc|iPhoneSimulator.Build.0 = Release|Any CPU
		{73965DAF-DFF5-4343-AA3C-898A70F4260A}.Ad-Hoc|iPhoneSimulator.Deploy.0 = Release|Any CPU
		{73965DAF-DFF5-4343-AA3C-898A70F4260A}.Ad-Hoc|x64.ActiveCfg = Release|Any CPU
		{73965DAF-DFF5-4343-AA3C-898A70F4260A}.Ad-Hoc|x64.Build.0 = Release|Any CPU
		{73965DAF-DFF5-4343-AA3C-898A70F4260A}.Ad-Hoc|x64.Deploy.0 = Release|Any CPU
		{73965DAF-DFF5-4343-AA3C-898A70F4260A}.Ad-Hoc|x86.ActiveCfg = Release|Any CPU
		{73965DAF-DFF5-4343-AA3C-898A70F4260A}.Ad-Hoc|x86.Build.0 = Release|Any CPU
		{73965DAF-DFF5-4343-AA3C-898A70F4260A}.Ad-Hoc|x86.Deploy.0 = Release|Any CPU
		{73965DAF-DFF5-4343-AA3C-898A70F4260A}.AppStore|Any CPU.ActiveCfg = Release|Any CPU
		{73965DAF-DFF5-4343-AA3C-898A70F4260A}.AppStore|Any CPU.Build.0 = Release|Any CPU
		{73965DAF-DFF5-4343-AA3C-898A70F4260A}.AppStore|Any CPU.Deploy.0 = Release|Any CPU
		{73965DAF-DFF5-4343-AA3C-898A70F4260A}.AppStore|ARM.ActiveCfg = Release|Any CPU
		{73965DAF-DFF5-4343-AA3C-898A70F4260A}.AppStore|ARM.Build.0 = Release|Any CPU
		{73965DAF-DFF5-4343-AA3C-898A70F4260A}.AppStore|ARM.Deploy.0 = Release|Any CPU
		{73965DAF-DFF5-4343-AA3C-898A70F4260A}.AppStore|iPhone.ActiveCfg = Release|Any CPU
		{73965DAF-DFF5-4343-AA3C-898A70F4260A}.AppStore|iPhone.Build.0 = Release|Any CPU
		{73965DAF-DFF5-4343-AA3C-898A70F4260A}.AppStore|iPhone.Deploy.0 = Release|Any CPU
		{73965DAF-DFF5-4343-AA3C-898A70F4260A}.AppStore|iPhoneSimulator.ActiveCfg = Release|Any CPU
		{73965DAF-DFF5-4343-AA3C-898A70F4260A}.AppStore|iPhoneSimulator.Build.0 = Release|Any CPU
		{73965DAF-DFF5-4343-AA3C-898A70F4260A}.AppStore|iPhoneSimulator.Deploy.0 = Release|Any CPU
		{73965DAF-DFF5-4343-AA3C-898A70F4260A}.AppStore|x64.ActiveCfg = Release|Any CPU
		{73965DAF-DFF5-4343-AA3C-898A70F4260A}.AppStore|x64.Build.0 = Release|Any CPU
		{73965DAF-DFF5-4343-AA3C-898A70F4260A}.AppStore|x64.Deploy.0 = Release|Any CPU
		{73965DAF-DFF5-4343-AA3C-898A70F4260A}.AppStore|x86.ActiveCfg = Release|Any CPU
		{73965DAF-DFF5-4343-AA3C-898A70F4260A}.AppStore|x86.Build.0 = Release|Any CPU
		{73965DAF-DFF5-4343-AA3C-898A70F4260A}.AppStore|x86.Deploy.0 = Release|Any CPU
		{73965DAF-DFF5-4343-AA3C-898A70F4260A}.Debug|Any CPU.ActiveCfg = Debug|Any CPU
		{73965DAF-DFF5-4343-AA3C-898A70F4260A}.Debug|Any CPU.Build.0 = Debug|Any CPU
		{73965DAF-DFF5-4343-AA3C-898A70F4260A}.Debug|Any CPU.Deploy.0 = Debug|Any CPU
		{73965DAF-DFF5-4343-AA3C-898A70F4260A}.Debug|ARM.ActiveCfg = Debug|Any CPU
		{73965DAF-DFF5-4343-AA3C-898A70F4260A}.Debug|ARM.Build.0 = Debug|Any CPU
		{73965DAF-DFF5-4343-AA3C-898A70F4260A}.Debug|ARM.Deploy.0 = Debug|Any CPU
		{73965DAF-DFF5-4343-AA3C-898A70F4260A}.Debug|iPhone.ActiveCfg = Debug|Any CPU
		{73965DAF-DFF5-4343-AA3C-898A70F4260A}.Debug|iPhone.Build.0 = Debug|Any CPU
		{73965DAF-DFF5-4343-AA3C-898A70F4260A}.Debug|iPhone.Deploy.0 = Debug|Any CPU
		{73965DAF-DFF5-4343-AA3C-898A70F4260A}.Debug|iPhoneSimulator.ActiveCfg = Debug|Any CPU
		{73965DAF-DFF5-4343-AA3C-898A70F4260A}.Debug|iPhoneSimulator.Build.0 = Debug|Any CPU
		{73965DAF-DFF5-4343-AA3C-898A70F4260A}.Debug|iPhoneSimulator.Deploy.0 = Debug|Any CPU
		{73965DAF-DFF5-4343-AA3C-898A70F4260A}.Debug|x64.ActiveCfg = Debug|Any CPU
		{73965DAF-DFF5-4343-AA3C-898A70F4260A}.Debug|x64.Build.0 = Debug|Any CPU
		{73965DAF-DFF5-4343-AA3C-898A70F4260A}.Debug|x64.Deploy.0 = Debug|Any CPU
		{73965DAF-DFF5-4343-AA3C-898A70F4260A}.Debug|x86.ActiveCfg = Debug|Any CPU
		{73965DAF-DFF5-4343-AA3C-898A70F4260A}.Debug|x86.Build.0 = Debug|Any CPU
		{73965DAF-DFF5-4343-AA3C-898A70F4260A}.Debug|x86.Deploy.0 = Debug|Any CPU
		{73965DAF-DFF5-4343-AA3C-898A70F4260A}.Release|Any CPU.ActiveCfg = Release|Any CPU
		{73965DAF-DFF5-4343-AA3C-898A70F4260A}.Release|Any CPU.Build.0 = Release|Any CPU
		{73965DAF-DFF5-4343-AA3C-898A70F4260A}.Release|Any CPU.Deploy.0 = Release|Any CPU
		{73965DAF-DFF5-4343-AA3C-898A70F4260A}.Release|ARM.ActiveCfg = Release|Any CPU
		{73965DAF-DFF5-4343-AA3C-898A70F4260A}.Release|ARM.Build.0 = Release|Any CPU
		{73965DAF-DFF5-4343-AA3C-898A70F4260A}.Release|ARM.Deploy.0 = Release|Any CPU
		{73965DAF-DFF5-4343-AA3C-898A70F4260A}.Release|iPhone.ActiveCfg = Release|Any CPU
		{73965DAF-DFF5-4343-AA3C-898A70F4260A}.Release|iPhone.Build.0 = Release|Any CPU
		{73965DAF-DFF5-4343-AA3C-898A70F4260A}.Release|iPhone.Deploy.0 = Release|Any CPU
		{73965DAF-DFF5-4343-AA3C-898A70F4260A}.Release|iPhoneSimulator.ActiveCfg = Release|Any CPU
		{73965DAF-DFF5-4343-AA3C-898A70F4260A}.Release|iPhoneSimulator.Build.0 = Release|Any CPU
		{73965DAF-DFF5-4343-AA3C-898A70F4260A}.Release|iPhoneSimulator.Deploy.0 = Release|Any CPU
		{73965DAF-DFF5-4343-AA3C-898A70F4260A}.Release|x64.ActiveCfg = Release|Any CPU
		{73965DAF-DFF5-4343-AA3C-898A70F4260A}.Release|x64.Build.0 = Release|Any CPU
		{73965DAF-DFF5-4343-AA3C-898A70F4260A}.Release|x64.Deploy.0 = Release|Any CPU
		{73965DAF-DFF5-4343-AA3C-898A70F4260A}.Release|x86.ActiveCfg = Release|Any CPU
		{73965DAF-DFF5-4343-AA3C-898A70F4260A}.Release|x86.Build.0 = Release|Any CPU
		{73965DAF-DFF5-4343-AA3C-898A70F4260A}.Release|x86.Deploy.0 = Release|Any CPU
		{2126C864-7AE7-4372-B2AA-F7FEF9E381A7}.Ad-Hoc|Any CPU.ActiveCfg = Release|Any CPU
		{2126C864-7AE7-4372-B2AA-F7FEF9E381A7}.Ad-Hoc|Any CPU.Build.0 = Release|Any CPU
		{2126C864-7AE7-4372-B2AA-F7FEF9E381A7}.Ad-Hoc|ARM.ActiveCfg = Release|Any CPU
		{2126C864-7AE7-4372-B2AA-F7FEF9E381A7}.Ad-Hoc|ARM.Build.0 = Release|Any CPU
		{2126C864-7AE7-4372-B2AA-F7FEF9E381A7}.Ad-Hoc|iPhone.ActiveCfg = Release|Any CPU
		{2126C864-7AE7-4372-B2AA-F7FEF9E381A7}.Ad-Hoc|iPhone.Build.0 = Release|Any CPU
		{2126C864-7AE7-4372-B2AA-F7FEF9E381A7}.Ad-Hoc|iPhoneSimulator.ActiveCfg = Release|Any CPU
		{2126C864-7AE7-4372-B2AA-F7FEF9E381A7}.Ad-Hoc|iPhoneSimulator.Build.0 = Release|Any CPU
		{2126C864-7AE7-4372-B2AA-F7FEF9E381A7}.Ad-Hoc|x64.ActiveCfg = Release|Any CPU
		{2126C864-7AE7-4372-B2AA-F7FEF9E381A7}.Ad-Hoc|x64.Build.0 = Release|Any CPU
		{2126C864-7AE7-4372-B2AA-F7FEF9E381A7}.Ad-Hoc|x86.ActiveCfg = Release|Any CPU
		{2126C864-7AE7-4372-B2AA-F7FEF9E381A7}.Ad-Hoc|x86.Build.0 = Release|Any CPU
		{2126C864-7AE7-4372-B2AA-F7FEF9E381A7}.AppStore|Any CPU.ActiveCfg = Release|Any CPU
		{2126C864-7AE7-4372-B2AA-F7FEF9E381A7}.AppStore|Any CPU.Build.0 = Release|Any CPU
		{2126C864-7AE7-4372-B2AA-F7FEF9E381A7}.AppStore|ARM.ActiveCfg = Release|Any CPU
		{2126C864-7AE7-4372-B2AA-F7FEF9E381A7}.AppStore|ARM.Build.0 = Release|Any CPU
		{2126C864-7AE7-4372-B2AA-F7FEF9E381A7}.AppStore|iPhone.ActiveCfg = Release|Any CPU
		{2126C864-7AE7-4372-B2AA-F7FEF9E381A7}.AppStore|iPhone.Build.0 = Release|Any CPU
		{2126C864-7AE7-4372-B2AA-F7FEF9E381A7}.AppStore|iPhoneSimulator.ActiveCfg = Release|Any CPU
		{2126C864-7AE7-4372-B2AA-F7FEF9E381A7}.AppStore|iPhoneSimulator.Build.0 = Release|Any CPU
		{2126C864-7AE7-4372-B2AA-F7FEF9E381A7}.AppStore|x64.ActiveCfg = Release|Any CPU
		{2126C864-7AE7-4372-B2AA-F7FEF9E381A7}.AppStore|x64.Build.0 = Release|Any CPU
		{2126C864-7AE7-4372-B2AA-F7FEF9E381A7}.AppStore|x86.ActiveCfg = Release|Any CPU
		{2126C864-7AE7-4372-B2AA-F7FEF9E381A7}.AppStore|x86.Build.0 = Release|Any CPU
		{2126C864-7AE7-4372-B2AA-F7FEF9E381A7}.Debug|Any CPU.ActiveCfg = Debug|Any CPU
		{2126C864-7AE7-4372-B2AA-F7FEF9E381A7}.Debug|Any CPU.Build.0 = Debug|Any CPU
		{2126C864-7AE7-4372-B2AA-F7FEF9E381A7}.Debug|ARM.ActiveCfg = Debug|Any CPU
		{2126C864-7AE7-4372-B2AA-F7FEF9E381A7}.Debug|ARM.Build.0 = Debug|Any CPU
		{2126C864-7AE7-4372-B2AA-F7FEF9E381A7}.Debug|iPhone.ActiveCfg = Debug|Any CPU
		{2126C864-7AE7-4372-B2AA-F7FEF9E381A7}.Debug|iPhone.Build.0 = Debug|Any CPU
		{2126C864-7AE7-4372-B2AA-F7FEF9E381A7}.Debug|iPhoneSimulator.ActiveCfg = Debug|Any CPU
		{2126C864-7AE7-4372-B2AA-F7FEF9E381A7}.Debug|iPhoneSimulator.Build.0 = Debug|Any CPU
		{2126C864-7AE7-4372-B2AA-F7FEF9E381A7}.Debug|x64.ActiveCfg = Debug|Any CPU
		{2126C864-7AE7-4372-B2AA-F7FEF9E381A7}.Debug|x64.Build.0 = Debug|Any CPU
		{2126C864-7AE7-4372-B2AA-F7FEF9E381A7}.Debug|x86.ActiveCfg = Debug|Any CPU
		{2126C864-7AE7-4372-B2AA-F7FEF9E381A7}.Debug|x86.Build.0 = Debug|Any CPU
		{2126C864-7AE7-4372-B2AA-F7FEF9E381A7}.Release|Any CPU.ActiveCfg = Release|Any CPU
		{2126C864-7AE7-4372-B2AA-F7FEF9E381A7}.Release|Any CPU.Build.0 = Release|Any CPU
		{2126C864-7AE7-4372-B2AA-F7FEF9E381A7}.Release|ARM.ActiveCfg = Release|Any CPU
		{2126C864-7AE7-4372-B2AA-F7FEF9E381A7}.Release|ARM.Build.0 = Release|Any CPU
		{2126C864-7AE7-4372-B2AA-F7FEF9E381A7}.Release|iPhone.ActiveCfg = Release|Any CPU
		{2126C864-7AE7-4372-B2AA-F7FEF9E381A7}.Release|iPhone.Build.0 = Release|Any CPU
		{2126C864-7AE7-4372-B2AA-F7FEF9E381A7}.Release|iPhoneSimulator.ActiveCfg = Release|Any CPU
		{2126C864-7AE7-4372-B2AA-F7FEF9E381A7}.Release|iPhoneSimulator.Build.0 = Release|Any CPU
		{2126C864-7AE7-4372-B2AA-F7FEF9E381A7}.Release|x64.ActiveCfg = Release|Any CPU
		{2126C864-7AE7-4372-B2AA-F7FEF9E381A7}.Release|x64.Build.0 = Release|Any CPU
		{2126C864-7AE7-4372-B2AA-F7FEF9E381A7}.Release|x86.ActiveCfg = Release|Any CPU
		{2126C864-7AE7-4372-B2AA-F7FEF9E381A7}.Release|x86.Build.0 = Release|Any CPU
		{C94D0F38-285B-4ADA-A24D-468DDB59D63E}.Ad-Hoc|Any CPU.ActiveCfg = Release|x86
		{C94D0F38-285B-4ADA-A24D-468DDB59D63E}.Ad-Hoc|Any CPU.Build.0 = Release|x86
		{C94D0F38-285B-4ADA-A24D-468DDB59D63E}.Ad-Hoc|Any CPU.Deploy.0 = Release|x86
		{C94D0F38-285B-4ADA-A24D-468DDB59D63E}.Ad-Hoc|ARM.ActiveCfg = Release|ARM
		{C94D0F38-285B-4ADA-A24D-468DDB59D63E}.Ad-Hoc|ARM.Build.0 = Release|ARM
		{C94D0F38-285B-4ADA-A24D-468DDB59D63E}.Ad-Hoc|ARM.Deploy.0 = Release|ARM
		{C94D0F38-285B-4ADA-A24D-468DDB59D63E}.Ad-Hoc|iPhone.ActiveCfg = Release|x86
		{C94D0F38-285B-4ADA-A24D-468DDB59D63E}.Ad-Hoc|iPhone.Build.0 = Release|x86
		{C94D0F38-285B-4ADA-A24D-468DDB59D63E}.Ad-Hoc|iPhone.Deploy.0 = Release|x86
		{C94D0F38-285B-4ADA-A24D-468DDB59D63E}.Ad-Hoc|iPhoneSimulator.ActiveCfg = Release|x86
		{C94D0F38-285B-4ADA-A24D-468DDB59D63E}.Ad-Hoc|iPhoneSimulator.Build.0 = Release|x86
		{C94D0F38-285B-4ADA-A24D-468DDB59D63E}.Ad-Hoc|iPhoneSimulator.Deploy.0 = Release|x86
		{C94D0F38-285B-4ADA-A24D-468DDB59D63E}.Ad-Hoc|x64.ActiveCfg = Release|x64
		{C94D0F38-285B-4ADA-A24D-468DDB59D63E}.Ad-Hoc|x64.Build.0 = Release|x64
		{C94D0F38-285B-4ADA-A24D-468DDB59D63E}.Ad-Hoc|x64.Deploy.0 = Release|x64
		{C94D0F38-285B-4ADA-A24D-468DDB59D63E}.Ad-Hoc|x86.ActiveCfg = Release|x86
		{C94D0F38-285B-4ADA-A24D-468DDB59D63E}.Ad-Hoc|x86.Build.0 = Release|x86
		{C94D0F38-285B-4ADA-A24D-468DDB59D63E}.Ad-Hoc|x86.Deploy.0 = Release|x86
		{C94D0F38-285B-4ADA-A24D-468DDB59D63E}.AppStore|Any CPU.ActiveCfg = Release|x86
		{C94D0F38-285B-4ADA-A24D-468DDB59D63E}.AppStore|Any CPU.Build.0 = Release|x86
		{C94D0F38-285B-4ADA-A24D-468DDB59D63E}.AppStore|Any CPU.Deploy.0 = Release|x86
		{C94D0F38-285B-4ADA-A24D-468DDB59D63E}.AppStore|ARM.ActiveCfg = Release|ARM
		{C94D0F38-285B-4ADA-A24D-468DDB59D63E}.AppStore|ARM.Build.0 = Release|ARM
		{C94D0F38-285B-4ADA-A24D-468DDB59D63E}.AppStore|ARM.Deploy.0 = Release|ARM
		{C94D0F38-285B-4ADA-A24D-468DDB59D63E}.AppStore|iPhone.ActiveCfg = Release|x86
		{C94D0F38-285B-4ADA-A24D-468DDB59D63E}.AppStore|iPhone.Build.0 = Release|x86
		{C94D0F38-285B-4ADA-A24D-468DDB59D63E}.AppStore|iPhone.Deploy.0 = Release|x86
		{C94D0F38-285B-4ADA-A24D-468DDB59D63E}.AppStore|iPhoneSimulator.ActiveCfg = Release|x86
		{C94D0F38-285B-4ADA-A24D-468DDB59D63E}.AppStore|iPhoneSimulator.Build.0 = Release|x86
		{C94D0F38-285B-4ADA-A24D-468DDB59D63E}.AppStore|iPhoneSimulator.Deploy.0 = Release|x86
		{C94D0F38-285B-4ADA-A24D-468DDB59D63E}.AppStore|x64.ActiveCfg = Release|x64
		{C94D0F38-285B-4ADA-A24D-468DDB59D63E}.AppStore|x64.Build.0 = Release|x64
		{C94D0F38-285B-4ADA-A24D-468DDB59D63E}.AppStore|x64.Deploy.0 = Release|x64
		{C94D0F38-285B-4ADA-A24D-468DDB59D63E}.AppStore|x86.ActiveCfg = Release|x86
		{C94D0F38-285B-4ADA-A24D-468DDB59D63E}.AppStore|x86.Build.0 = Release|x86
		{C94D0F38-285B-4ADA-A24D-468DDB59D63E}.AppStore|x86.Deploy.0 = Release|x86
		{C94D0F38-285B-4ADA-A24D-468DDB59D63E}.Debug|Any CPU.ActiveCfg = Debug|x86
		{C94D0F38-285B-4ADA-A24D-468DDB59D63E}.Debug|Any CPU.Build.0 = Debug|x86
		{C94D0F38-285B-4ADA-A24D-468DDB59D63E}.Debug|Any CPU.Deploy.0 = Debug|x86
		{C94D0F38-285B-4ADA-A24D-468DDB59D63E}.Debug|ARM.ActiveCfg = Debug|ARM
		{C94D0F38-285B-4ADA-A24D-468DDB59D63E}.Debug|ARM.Build.0 = Debug|ARM
		{C94D0F38-285B-4ADA-A24D-468DDB59D63E}.Debug|ARM.Deploy.0 = Debug|ARM
		{C94D0F38-285B-4ADA-A24D-468DDB59D63E}.Debug|iPhone.ActiveCfg = Debug|x86
		{C94D0F38-285B-4ADA-A24D-468DDB59D63E}.Debug|iPhoneSimulator.ActiveCfg = Debug|x86
		{C94D0F38-285B-4ADA-A24D-468DDB59D63E}.Debug|x64.ActiveCfg = Debug|x64
		{C94D0F38-285B-4ADA-A24D-468DDB59D63E}.Debug|x64.Build.0 = Debug|x64
		{C94D0F38-285B-4ADA-A24D-468DDB59D63E}.Debug|x64.Deploy.0 = Debug|x64
		{C94D0F38-285B-4ADA-A24D-468DDB59D63E}.Debug|x86.ActiveCfg = Debug|x86
		{C94D0F38-285B-4ADA-A24D-468DDB59D63E}.Debug|x86.Build.0 = Debug|x86
		{C94D0F38-285B-4ADA-A24D-468DDB59D63E}.Debug|x86.Deploy.0 = Debug|x86
		{C94D0F38-285B-4ADA-A24D-468DDB59D63E}.Release|Any CPU.ActiveCfg = Release|x86
		{C94D0F38-285B-4ADA-A24D-468DDB59D63E}.Release|ARM.ActiveCfg = Release|ARM
		{C94D0F38-285B-4ADA-A24D-468DDB59D63E}.Release|ARM.Build.0 = Release|ARM
		{C94D0F38-285B-4ADA-A24D-468DDB59D63E}.Release|ARM.Deploy.0 = Release|ARM
		{C94D0F38-285B-4ADA-A24D-468DDB59D63E}.Release|iPhone.ActiveCfg = Release|x86
		{C94D0F38-285B-4ADA-A24D-468DDB59D63E}.Release|iPhoneSimulator.ActiveCfg = Release|x86
		{C94D0F38-285B-4ADA-A24D-468DDB59D63E}.Release|x64.ActiveCfg = Release|x64
		{C94D0F38-285B-4ADA-A24D-468DDB59D63E}.Release|x64.Build.0 = Release|x64
		{C94D0F38-285B-4ADA-A24D-468DDB59D63E}.Release|x64.Deploy.0 = Release|x64
		{C94D0F38-285B-4ADA-A24D-468DDB59D63E}.Release|x86.ActiveCfg = Release|x86
		{C94D0F38-285B-4ADA-A24D-468DDB59D63E}.Release|x86.Build.0 = Release|x86
		{C94D0F38-285B-4ADA-A24D-468DDB59D63E}.Release|x86.Deploy.0 = Release|x86
		{BA486F88-9943-49C1-B5C3-B2488F7698BC}.Ad-Hoc|Any CPU.ActiveCfg = Ad-Hoc|iPhone
		{BA486F88-9943-49C1-B5C3-B2488F7698BC}.Ad-Hoc|ARM.ActiveCfg = Ad-Hoc|iPhone
		{BA486F88-9943-49C1-B5C3-B2488F7698BC}.Ad-Hoc|iPhone.ActiveCfg = Ad-Hoc|iPhone
		{BA486F88-9943-49C1-B5C3-B2488F7698BC}.Ad-Hoc|iPhone.Build.0 = Ad-Hoc|iPhone
		{BA486F88-9943-49C1-B5C3-B2488F7698BC}.Ad-Hoc|iPhoneSimulator.ActiveCfg = Ad-Hoc|iPhoneSimulator
		{BA486F88-9943-49C1-B5C3-B2488F7698BC}.Ad-Hoc|iPhoneSimulator.Build.0 = Ad-Hoc|iPhoneSimulator
		{BA486F88-9943-49C1-B5C3-B2488F7698BC}.Ad-Hoc|x64.ActiveCfg = Ad-Hoc|iPhone
		{BA486F88-9943-49C1-B5C3-B2488F7698BC}.Ad-Hoc|x86.ActiveCfg = Ad-Hoc|iPhone
		{BA486F88-9943-49C1-B5C3-B2488F7698BC}.AppStore|Any CPU.ActiveCfg = AppStore|iPhone
		{BA486F88-9943-49C1-B5C3-B2488F7698BC}.AppStore|ARM.ActiveCfg = AppStore|iPhone
		{BA486F88-9943-49C1-B5C3-B2488F7698BC}.AppStore|iPhone.ActiveCfg = AppStore|iPhone
		{BA486F88-9943-49C1-B5C3-B2488F7698BC}.AppStore|iPhone.Build.0 = AppStore|iPhone
		{BA486F88-9943-49C1-B5C3-B2488F7698BC}.AppStore|iPhoneSimulator.ActiveCfg = AppStore|iPhoneSimulator
		{BA486F88-9943-49C1-B5C3-B2488F7698BC}.AppStore|iPhoneSimulator.Build.0 = AppStore|iPhoneSimulator
		{BA486F88-9943-49C1-B5C3-B2488F7698BC}.AppStore|x64.ActiveCfg = AppStore|iPhone
		{BA486F88-9943-49C1-B5C3-B2488F7698BC}.AppStore|x86.ActiveCfg = AppStore|iPhone
		{BA486F88-9943-49C1-B5C3-B2488F7698BC}.Debug|Any CPU.ActiveCfg = Debug|iPhone
		{BA486F88-9943-49C1-B5C3-B2488F7698BC}.Debug|ARM.ActiveCfg = Debug|iPhone
		{BA486F88-9943-49C1-B5C3-B2488F7698BC}.Debug|iPhone.ActiveCfg = Debug|iPhone
		{BA486F88-9943-49C1-B5C3-B2488F7698BC}.Debug|iPhone.Build.0 = Debug|iPhone
		{BA486F88-9943-49C1-B5C3-B2488F7698BC}.Debug|iPhoneSimulator.ActiveCfg = Debug|iPhoneSimulator
		{BA486F88-9943-49C1-B5C3-B2488F7698BC}.Debug|iPhoneSimulator.Build.0 = Debug|iPhoneSimulator
		{BA486F88-9943-49C1-B5C3-B2488F7698BC}.Debug|x64.ActiveCfg = Debug|iPhone
		{BA486F88-9943-49C1-B5C3-B2488F7698BC}.Debug|x86.ActiveCfg = Debug|iPhone
		{BA486F88-9943-49C1-B5C3-B2488F7698BC}.Release|Any CPU.ActiveCfg = Release|iPhone
		{BA486F88-9943-49C1-B5C3-B2488F7698BC}.Release|ARM.ActiveCfg = Release|iPhone
		{BA486F88-9943-49C1-B5C3-B2488F7698BC}.Release|iPhone.ActiveCfg = Release|iPhone
		{BA486F88-9943-49C1-B5C3-B2488F7698BC}.Release|iPhone.Build.0 = Release|iPhone
		{BA486F88-9943-49C1-B5C3-B2488F7698BC}.Release|iPhoneSimulator.ActiveCfg = Release|iPhoneSimulator
		{BA486F88-9943-49C1-B5C3-B2488F7698BC}.Release|iPhoneSimulator.Build.0 = Release|iPhoneSimulator
		{BA486F88-9943-49C1-B5C3-B2488F7698BC}.Release|x64.ActiveCfg = Release|iPhone
		{BA486F88-9943-49C1-B5C3-B2488F7698BC}.Release|x86.ActiveCfg = Release|iPhone
	EndGlobalSection
	GlobalSection(SolutionProperties) = preSolution
		HideSolutionNode = FALSE
	EndGlobalSection
EndGlobal
