
Microsoft Visual Studio Solution File, Format Version 12.00
# Visual Studio 15
VisualStudioVersion = 15.0.26430.15
MinimumVisualStudioVersion = 10.0.40219.1
Project("{FAE04EC0-301F-11D3-BF4B-00C04F79EFBC}") = "XFWorkshop.Android", "XFWorkshop\XFWorkshop.Android\XFWorkshop.Android.csproj", "{BA20F186-5279-4D6E-B950-72D83F4DF512}"
EndProject
Project("{FAE04EC0-301F-11D3-BF4B-00C04F79EFBC}") = "XFWorkshop", "XFWorkshop\XFWorkshop\XFWorkshop.csproj", "{05742977-BB1F-4416-8D17-1943FD0CFCAF}"
EndProject
Project("{FAE04EC0-301F-11D3-BF4B-00C04F79EFBC}") = "XFWorkshop.UWP", "XFWorkshop\XFWorkshop.UWP\XFWorkshop.UWP.csproj", "{FA475223-40AA-4D21-88B5-909DBA0A8EB6}"
EndProject
Project("{FAE04EC0-301F-11D3-BF4B-00C04F79EFBC}") = "XFWorkshop.iOS", "XFWorkshop\XFWorkshop.iOS\XFWorkshop.iOS.csproj", "{B6652B07-665B-4198-B5DA-8ACB2CBFDB44}"
EndProject
Global
	GlobalSection(SolutionConfigurationPlatforms) = preSolution
		Ad-Hoc|Any CPU = Ad-Hoc|Any CPU
		Ad-Hoc|ARM = Ad-Hoc|ARM
		Ad-Hoc|iPhone = Ad-Hoc|iPhone
		Ad-Hoc|iPhoneSimulator = Ad-Hoc|iPhoneSimulator
		Ad-Hoc|x64 = Ad-Hoc|x64
		Ad-Hoc|x86 = Ad-Hoc|x86
		AppStore|Any CPU = AppStore|Any CPU
		AppStore|ARM = AppStore|ARM
		AppStore|iPhone = AppStore|iPhone
		AppStore|iPhoneSimulator = AppStore|iPhoneSimulator
		AppStore|x64 = AppStore|x64
		AppStore|x86 = AppStore|x86
		Debug|Any CPU = Debug|Any CPU
		Debug|ARM = Debug|ARM
		Debug|iPhone = Debug|iPhone
		Debug|iPhoneSimulator = Debug|iPhoneSimulator
		Debug|x64 = Debug|x64
		Debug|x86 = Debug|x86
		Release|Any CPU = Release|Any CPU
		Release|ARM = Release|ARM
		Release|iPhone = Release|iPhone
		Release|iPhoneSimulator = Release|iPhoneSimulator
		Release|x64 = Release|x64
		Release|x86 = Release|x86
	EndGlobalSection
	GlobalSection(ProjectConfigurationPlatforms) = postSolution
		{BA20F186-5279-4D6E-B950-72D83F4DF512}.Ad-Hoc|Any CPU.ActiveCfg = Release|Any CPU
		{BA20F186-5279-4D6E-B950-72D83F4DF512}.Ad-Hoc|Any CPU.Build.0 = Release|Any CPU
		{BA20F186-5279-4D6E-B950-72D83F4DF512}.Ad-Hoc|Any CPU.Deploy.0 = Release|Any CPU
		{BA20F186-5279-4D6E-B950-72D83F4DF512}.Ad-Hoc|ARM.ActiveCfg = Release|Any CPU
		{BA20F186-5279-4D6E-B950-72D83F4DF512}.Ad-Hoc|ARM.Build.0 = Release|Any CPU
		{BA20F186-5279-4D6E-B950-72D83F4DF512}.Ad-Hoc|ARM.Deploy.0 = Release|Any CPU
		{BA20F186-5279-4D6E-B950-72D83F4DF512}.Ad-Hoc|iPhone.ActiveCfg = Release|Any CPU
		{BA20F186-5279-4D6E-B950-72D83F4DF512}.Ad-Hoc|iPhone.Build.0 = Release|Any CPU
		{BA20F186-5279-4D6E-B950-72D83F4DF512}.Ad-Hoc|iPhone.Deploy.0 = Release|Any CPU
		{BA20F186-5279-4D6E-B950-72D83F4DF512}.Ad-Hoc|iPhoneSimulator.ActiveCfg = Release|Any CPU
		{BA20F186-5279-4D6E-B950-72D83F4DF512}.Ad-Hoc|iPhoneSimulator.Build.0 = Release|Any CPU
		{BA20F186-5279-4D6E-B950-72D83F4DF512}.Ad-Hoc|iPhoneSimulator.Deploy.0 = Release|Any CPU
		{BA20F186-5279-4D6E-B950-72D83F4DF512}.Ad-Hoc|x64.ActiveCfg = Release|Any CPU
		{BA20F186-5279-4D6E-B950-72D83F4DF512}.Ad-Hoc|x64.Build.0 = Release|Any CPU
		{BA20F186-5279-4D6E-B950-72D83F4DF512}.Ad-Hoc|x64.Deploy.0 = Release|Any CPU
		{BA20F186-5279-4D6E-B950-72D83F4DF512}.Ad-Hoc|x86.ActiveCfg = Release|Any CPU
		{BA20F186-5279-4D6E-B950-72D83F4DF512}.Ad-Hoc|x86.Build.0 = Release|Any CPU
		{BA20F186-5279-4D6E-B950-72D83F4DF512}.Ad-Hoc|x86.Deploy.0 = Release|Any CPU
		{BA20F186-5279-4D6E-B950-72D83F4DF512}.AppStore|Any CPU.ActiveCfg = Release|Any CPU
		{BA20F186-5279-4D6E-B950-72D83F4DF512}.AppStore|Any CPU.Build.0 = Release|Any CPU
		{BA20F186-5279-4D6E-B950-72D83F4DF512}.AppStore|Any CPU.Deploy.0 = Release|Any CPU
		{BA20F186-5279-4D6E-B950-72D83F4DF512}.AppStore|ARM.ActiveCfg = Release|Any CPU
		{BA20F186-5279-4D6E-B950-72D83F4DF512}.AppStore|ARM.Build.0 = Release|Any CPU
		{BA20F186-5279-4D6E-B950-72D83F4DF512}.AppStore|ARM.Deploy.0 = Release|Any CPU
		{BA20F186-5279-4D6E-B950-72D83F4DF512}.AppStore|iPhone.ActiveCfg = Release|Any CPU
		{BA20F186-5279-4D6E-B950-72D83F4DF512}.AppStore|iPhone.Build.0 = Release|Any CPU
		{BA20F186-5279-4D6E-B950-72D83F4DF512}.AppStore|iPhone.Deploy.0 = Release|Any CPU
		{BA20F186-5279-4D6E-B950-72D83F4DF512}.AppStore|iPhoneSimulator.ActiveCfg = Release|Any CPU
		{BA20F186-5279-4D6E-B950-72D83F4DF512}.AppStore|iPhoneSimulator.Build.0 = Release|Any CPU
		{BA20F186-5279-4D6E-B950-72D83F4DF512}.AppStore|iPhoneSimulator.Deploy.0 = Release|Any CPU
		{BA20F186-5279-4D6E-B950-72D83F4DF512}.AppStore|x64.ActiveCfg = Release|Any CPU
		{BA20F186-5279-4D6E-B950-72D83F4DF512}.AppStore|x64.Build.0 = Release|Any CPU
		{BA20F186-5279-4D6E-B950-72D83F4DF512}.AppStore|x64.Deploy.0 = Release|Any CPU
		{BA20F186-5279-4D6E-B950-72D83F4DF512}.AppStore|x86.ActiveCfg = Release|Any CPU
		{BA20F186-5279-4D6E-B950-72D83F4DF512}.AppStore|x86.Build.0 = Release|Any CPU
		{BA20F186-5279-4D6E-B950-72D83F4DF512}.AppStore|x86.Deploy.0 = Release|Any CPU
		{BA20F186-5279-4D6E-B950-72D83F4DF512}.Debug|Any CPU.ActiveCfg = Debug|Any CPU
		{BA20F186-5279-4D6E-B950-72D83F4DF512}.Debug|Any CPU.Build.0 = Debug|Any CPU
		{BA20F186-5279-4D6E-B950-72D83F4DF512}.Debug|Any CPU.Deploy.0 = Debug|Any CPU
		{BA20F186-5279-4D6E-B950-72D83F4DF512}.Debug|ARM.ActiveCfg = Debug|Any CPU
		{BA20F186-5279-4D6E-B950-72D83F4DF512}.Debug|ARM.Build.0 = Debug|Any CPU
		{BA20F186-5279-4D6E-B950-72D83F4DF512}.Debug|ARM.Deploy.0 = Debug|Any CPU
		{BA20F186-5279-4D6E-B950-72D83F4DF512}.Debug|iPhone.ActiveCfg = Debug|Any CPU
		{BA20F186-5279-4D6E-B950-72D83F4DF512}.Debug|iPhone.Build.0 = Debug|Any CPU
		{BA20F186-5279-4D6E-B950-72D83F4DF512}.Debug|iPhone.Deploy.0 = Debug|Any CPU
		{BA20F186-5279-4D6E-B950-72D83F4DF512}.Debug|iPhoneSimulator.ActiveCfg = Debug|Any CPU
		{BA20F186-5279-4D6E-B950-72D83F4DF512}.Debug|iPhoneSimulator.Build.0 = Debug|Any CPU
		{BA20F186-5279-4D6E-B950-72D83F4DF512}.Debug|iPhoneSimulator.Deploy.0 = Debug|Any CPU
		{BA20F186-5279-4D6E-B950-72D83F4DF512}.Debug|x64.ActiveCfg = Debug|Any CPU
		{BA20F186-5279-4D6E-B950-72D83F4DF512}.Debug|x64.Build.0 = Debug|Any CPU
		{BA20F186-5279-4D6E-B950-72D83F4DF512}.Debug|x64.Deploy.0 = Debug|Any CPU
		{BA20F186-5279-4D6E-B950-72D83F4DF512}.Debug|x86.ActiveCfg = Debug|Any CPU
		{BA20F186-5279-4D6E-B950-72D83F4DF512}.Debug|x86.Build.0 = Debug|Any CPU
		{BA20F186-5279-4D6E-B950-72D83F4DF512}.Debug|x86.Deploy.0 = Debug|Any CPU
		{BA20F186-5279-4D6E-B950-72D83F4DF512}.Release|Any CPU.ActiveCfg = Release|Any CPU
		{BA20F186-5279-4D6E-B950-72D83F4DF512}.Release|Any CPU.Build.0 = Release|Any CPU
		{BA20F186-5279-4D6E-B950-72D83F4DF512}.Release|Any CPU.Deploy.0 = Release|Any CPU
		{BA20F186-5279-4D6E-B950-72D83F4DF512}.Release|ARM.ActiveCfg = Release|Any CPU
		{BA20F186-5279-4D6E-B950-72D83F4DF512}.Release|ARM.Build.0 = Release|Any CPU
		{BA20F186-5279-4D6E-B950-72D83F4DF512}.Release|ARM.Deploy.0 = Release|Any CPU
		{BA20F186-5279-4D6E-B950-72D83F4DF512}.Release|iPhone.ActiveCfg = Release|Any CPU
		{BA20F186-5279-4D6E-B950-72D83F4DF512}.Release|iPhone.Build.0 = Release|Any CPU
		{BA20F186-5279-4D6E-B950-72D83F4DF512}.Release|iPhone.Deploy.0 = Release|Any CPU
		{BA20F186-5279-4D6E-B950-72D83F4DF512}.Release|iPhoneSimulator.ActiveCfg = Release|Any CPU
		{BA20F186-5279-4D6E-B950-72D83F4DF512}.Release|iPhoneSimulator.Build.0 = Release|Any CPU
		{BA20F186-5279-4D6E-B950-72D83F4DF512}.Release|iPhoneSimulator.Deploy.0 = Release|Any CPU
		{BA20F186-5279-4D6E-B950-72D83F4DF512}.Release|x64.ActiveCfg = Release|Any CPU
		{BA20F186-5279-4D6E-B950-72D83F4DF512}.Release|x64.Build.0 = Release|Any CPU
		{BA20F186-5279-4D6E-B950-72D83F4DF512}.Release|x64.Deploy.0 = Release|Any CPU
		{BA20F186-5279-4D6E-B950-72D83F4DF512}.Release|x86.ActiveCfg = Release|Any CPU
		{BA20F186-5279-4D6E-B950-72D83F4DF512}.Release|x86.Build.0 = Release|Any CPU
		{BA20F186-5279-4D6E-B950-72D83F4DF512}.Release|x86.Deploy.0 = Release|Any CPU
		{05742977-BB1F-4416-8D17-1943FD0CFCAF}.Ad-Hoc|Any CPU.ActiveCfg = Release|Any CPU
		{05742977-BB1F-4416-8D17-1943FD0CFCAF}.Ad-Hoc|Any CPU.Build.0 = Release|Any CPU
		{05742977-BB1F-4416-8D17-1943FD0CFCAF}.Ad-Hoc|ARM.ActiveCfg = Release|Any CPU
		{05742977-BB1F-4416-8D17-1943FD0CFCAF}.Ad-Hoc|ARM.Build.0 = Release|Any CPU
		{05742977-BB1F-4416-8D17-1943FD0CFCAF}.Ad-Hoc|iPhone.ActiveCfg = Release|Any CPU
		{05742977-BB1F-4416-8D17-1943FD0CFCAF}.Ad-Hoc|iPhone.Build.0 = Release|Any CPU
		{05742977-BB1F-4416-8D17-1943FD0CFCAF}.Ad-Hoc|iPhoneSimulator.ActiveCfg = Release|Any CPU
		{05742977-BB1F-4416-8D17-1943FD0CFCAF}.Ad-Hoc|iPhoneSimulator.Build.0 = Release|Any CPU
		{05742977-BB1F-4416-8D17-1943FD0CFCAF}.Ad-Hoc|x64.ActiveCfg = Release|Any CPU
		{05742977-BB1F-4416-8D17-1943FD0CFCAF}.Ad-Hoc|x64.Build.0 = Release|Any CPU
		{05742977-BB1F-4416-8D17-1943FD0CFCAF}.Ad-Hoc|x86.ActiveCfg = Release|Any CPU
		{05742977-BB1F-4416-8D17-1943FD0CFCAF}.Ad-Hoc|x86.Build.0 = Release|Any CPU
		{05742977-BB1F-4416-8D17-1943FD0CFCAF}.AppStore|Any CPU.ActiveCfg = Release|Any CPU
		{05742977-BB1F-4416-8D17-1943FD0CFCAF}.AppStore|Any CPU.Build.0 = Release|Any CPU
		{05742977-BB1F-4416-8D17-1943FD0CFCAF}.AppStore|ARM.ActiveCfg = Release|Any CPU
		{05742977-BB1F-4416-8D17-1943FD0CFCAF}.AppStore|ARM.Build.0 = Release|Any CPU
		{05742977-BB1F-4416-8D17-1943FD0CFCAF}.AppStore|iPhone.ActiveCfg = Release|Any CPU
		{05742977-BB1F-4416-8D17-1943FD0CFCAF}.AppStore|iPhone.Build.0 = Release|Any CPU
		{05742977-BB1F-4416-8D17-1943FD0CFCAF}.AppStore|iPhoneSimulator.ActiveCfg = Release|Any CPU
		{05742977-BB1F-4416-8D17-1943FD0CFCAF}.AppStore|iPhoneSimulator.Build.0 = Release|Any CPU
		{05742977-BB1F-4416-8D17-1943FD0CFCAF}.AppStore|x64.ActiveCfg = Release|Any CPU
		{05742977-BB1F-4416-8D17-1943FD0CFCAF}.AppStore|x64.Build.0 = Release|Any CPU
		{05742977-BB1F-4416-8D17-1943FD0CFCAF}.AppStore|x86.ActiveCfg = Release|Any CPU
		{05742977-BB1F-4416-8D17-1943FD0CFCAF}.AppStore|x86.Build.0 = Release|Any CPU
		{05742977-BB1F-4416-8D17-1943FD0CFCAF}.Debug|Any CPU.ActiveCfg = Debug|Any CPU
		{05742977-BB1F-4416-8D17-1943FD0CFCAF}.Debug|Any CPU.Build.0 = Debug|Any CPU
		{05742977-BB1F-4416-8D17-1943FD0CFCAF}.Debug|ARM.ActiveCfg = Debug|Any CPU
		{05742977-BB1F-4416-8D17-1943FD0CFCAF}.Debug|ARM.Build.0 = Debug|Any CPU
		{05742977-BB1F-4416-8D17-1943FD0CFCAF}.Debug|iPhone.ActiveCfg = Debug|Any CPU
		{05742977-BB1F-4416-8D17-1943FD0CFCAF}.Debug|iPhone.Build.0 = Debug|Any CPU
		{05742977-BB1F-4416-8D17-1943FD0CFCAF}.Debug|iPhoneSimulator.ActiveCfg = Debug|Any CPU
		{05742977-BB1F-4416-8D17-1943FD0CFCAF}.Debug|iPhoneSimulator.Build.0 = Debug|Any CPU
		{05742977-BB1F-4416-8D17-1943FD0CFCAF}.Debug|x64.ActiveCfg = Debug|Any CPU
		{05742977-BB1F-4416-8D17-1943FD0CFCAF}.Debug|x64.Build.0 = Debug|Any CPU
		{05742977-BB1F-4416-8D17-1943FD0CFCAF}.Debug|x86.ActiveCfg = Debug|Any CPU
		{05742977-BB1F-4416-8D17-1943FD0CFCAF}.Debug|x86.Build.0 = Debug|Any CPU
		{05742977-BB1F-4416-8D17-1943FD0CFCAF}.Release|Any CPU.ActiveCfg = Release|Any CPU
		{05742977-BB1F-4416-8D17-1943FD0CFCAF}.Release|Any CPU.Build.0 = Release|Any CPU
		{05742977-BB1F-4416-8D17-1943FD0CFCAF}.Release|ARM.ActiveCfg = Release|Any CPU
		{05742977-BB1F-4416-8D17-1943FD0CFCAF}.Release|ARM.Build.0 = Release|Any CPU
		{05742977-BB1F-4416-8D17-1943FD0CFCAF}.Release|iPhone.ActiveCfg = Release|Any CPU
		{05742977-BB1F-4416-8D17-1943FD0CFCAF}.Release|iPhone.Build.0 = Release|Any CPU
		{05742977-BB1F-4416-8D17-1943FD0CFCAF}.Release|iPhoneSimulator.ActiveCfg = Release|Any CPU
		{05742977-BB1F-4416-8D17-1943FD0CFCAF}.Release|iPhoneSimulator.Build.0 = Release|Any CPU
		{05742977-BB1F-4416-8D17-1943FD0CFCAF}.Release|x64.ActiveCfg = Release|Any CPU
		{05742977-BB1F-4416-8D17-1943FD0CFCAF}.Release|x64.Build.0 = Release|Any CPU
		{05742977-BB1F-4416-8D17-1943FD0CFCAF}.Release|x86.ActiveCfg = Release|Any CPU
		{05742977-BB1F-4416-8D17-1943FD0CFCAF}.Release|x86.Build.0 = Release|Any CPU
		{FA475223-40AA-4D21-88B5-909DBA0A8EB6}.Ad-Hoc|Any CPU.ActiveCfg = Release|x86
		{FA475223-40AA-4D21-88B5-909DBA0A8EB6}.Ad-Hoc|Any CPU.Build.0 = Release|x86
		{FA475223-40AA-4D21-88B5-909DBA0A8EB6}.Ad-Hoc|Any CPU.Deploy.0 = Release|x86
		{FA475223-40AA-4D21-88B5-909DBA0A8EB6}.Ad-Hoc|ARM.ActiveCfg = Release|ARM
		{FA475223-40AA-4D21-88B5-909DBA0A8EB6}.Ad-Hoc|ARM.Build.0 = Release|ARM
		{FA475223-40AA-4D21-88B5-909DBA0A8EB6}.Ad-Hoc|ARM.Deploy.0 = Release|ARM
		{FA475223-40AA-4D21-88B5-909DBA0A8EB6}.Ad-Hoc|iPhone.ActiveCfg = Release|x86
		{FA475223-40AA-4D21-88B5-909DBA0A8EB6}.Ad-Hoc|iPhone.Build.0 = Release|x86
		{FA475223-40AA-4D21-88B5-909DBA0A8EB6}.Ad-Hoc|iPhone.Deploy.0 = Release|x86
		{FA475223-40AA-4D21-88B5-909DBA0A8EB6}.Ad-Hoc|iPhoneSimulator.ActiveCfg = Release|x86
		{FA475223-40AA-4D21-88B5-909DBA0A8EB6}.Ad-Hoc|iPhoneSimulator.Build.0 = Release|x86
		{FA475223-40AA-4D21-88B5-909DBA0A8EB6}.Ad-Hoc|iPhoneSimulator.Deploy.0 = Release|x86
		{FA475223-40AA-4D21-88B5-909DBA0A8EB6}.Ad-Hoc|x64.ActiveCfg = Release|x64
		{FA475223-40AA-4D21-88B5-909DBA0A8EB6}.Ad-Hoc|x64.Build.0 = Release|x64
		{FA475223-40AA-4D21-88B5-909DBA0A8EB6}.Ad-Hoc|x64.Deploy.0 = Release|x64
		{FA475223-40AA-4D21-88B5-909DBA0A8EB6}.Ad-Hoc|x86.ActiveCfg = Release|x86
		{FA475223-40AA-4D21-88B5-909DBA0A8EB6}.Ad-Hoc|x86.Build.0 = Release|x86
		{FA475223-40AA-4D21-88B5-909DBA0A8EB6}.Ad-Hoc|x86.Deploy.0 = Release|x86
		{FA475223-40AA-4D21-88B5-909DBA0A8EB6}.AppStore|Any CPU.ActiveCfg = Release|x86
		{FA475223-40AA-4D21-88B5-909DBA0A8EB6}.AppStore|Any CPU.Build.0 = Release|x86
		{FA475223-40AA-4D21-88B5-909DBA0A8EB6}.AppStore|Any CPU.Deploy.0 = Release|x86
		{FA475223-40AA-4D21-88B5-909DBA0A8EB6}.AppStore|ARM.ActiveCfg = Release|ARM
		{FA475223-40AA-4D21-88B5-909DBA0A8EB6}.AppStore|ARM.Build.0 = Release|ARM
		{FA475223-40AA-4D21-88B5-909DBA0A8EB6}.AppStore|ARM.Deploy.0 = Release|ARM
		{FA475223-40AA-4D21-88B5-909DBA0A8EB6}.AppStore|iPhone.ActiveCfg = Release|x86
		{FA475223-40AA-4D21-88B5-909DBA0A8EB6}.AppStore|iPhone.Build.0 = Release|x86
		{FA475223-40AA-4D21-88B5-909DBA0A8EB6}.AppStore|iPhone.Deploy.0 = Release|x86
		{FA475223-40AA-4D21-88B5-909DBA0A8EB6}.AppStore|iPhoneSimulator.ActiveCfg = Release|x86
		{FA475223-40AA-4D21-88B5-909DBA0A8EB6}.AppStore|iPhoneSimulator.Build.0 = Release|x86
		{FA475223-40AA-4D21-88B5-909DBA0A8EB6}.AppStore|iPhoneSimulator.Deploy.0 = Release|x86
		{FA475223-40AA-4D21-88B5-909DBA0A8EB6}.AppStore|x64.ActiveCfg = Release|x64
		{FA475223-40AA-4D21-88B5-909DBA0A8EB6}.AppStore|x64.Build.0 = Release|x64
		{FA475223-40AA-4D21-88B5-909DBA0A8EB6}.AppStore|x64.Deploy.0 = Release|x64
		{FA475223-40AA-4D21-88B5-909DBA0A8EB6}.AppStore|x86.ActiveCfg = Release|x86
		{FA475223-40AA-4D21-88B5-909DBA0A8EB6}.AppStore|x86.Build.0 = Release|x86
		{FA475223-40AA-4D21-88B5-909DBA0A8EB6}.AppStore|x86.Deploy.0 = Release|x86
		{FA475223-40AA-4D21-88B5-909DBA0A8EB6}.Debug|Any CPU.ActiveCfg = Debug|x86
		{FA475223-40AA-4D21-88B5-909DBA0A8EB6}.Debug|Any CPU.Build.0 = Debug|x86
		{FA475223-40AA-4D21-88B5-909DBA0A8EB6}.Debug|Any CPU.Deploy.0 = Debug|x86
		{FA475223-40AA-4D21-88B5-909DBA0A8EB6}.Debug|ARM.ActiveCfg = Debug|ARM
		{FA475223-40AA-4D21-88B5-909DBA0A8EB6}.Debug|ARM.Build.0 = Debug|ARM
		{FA475223-40AA-4D21-88B5-909DBA0A8EB6}.Debug|ARM.Deploy.0 = Debug|ARM
		{FA475223-40AA-4D21-88B5-909DBA0A8EB6}.Debug|iPhone.ActiveCfg = Debug|x86
		{FA475223-40AA-4D21-88B5-909DBA0A8EB6}.Debug|iPhoneSimulator.ActiveCfg = Debug|x86
		{FA475223-40AA-4D21-88B5-909DBA0A8EB6}.Debug|x64.ActiveCfg = Debug|x64
		{FA475223-40AA-4D21-88B5-909DBA0A8EB6}.Debug|x64.Build.0 = Debug|x64
		{FA475223-40AA-4D21-88B5-909DBA0A8EB6}.Debug|x64.Deploy.0 = Debug|x64
		{FA475223-40AA-4D21-88B5-909DBA0A8EB6}.Debug|x86.ActiveCfg = Debug|x86
		{FA475223-40AA-4D21-88B5-909DBA0A8EB6}.Debug|x86.Build.0 = Debug|x86
		{FA475223-40AA-4D21-88B5-909DBA0A8EB6}.Debug|x86.Deploy.0 = Debug|x86
		{FA475223-40AA-4D21-88B5-909DBA0A8EB6}.Release|Any CPU.ActiveCfg = Release|x86
		{FA475223-40AA-4D21-88B5-909DBA0A8EB6}.Release|ARM.ActiveCfg = Release|ARM
		{FA475223-40AA-4D21-88B5-909DBA0A8EB6}.Release|ARM.Build.0 = Release|ARM
		{FA475223-40AA-4D21-88B5-909DBA0A8EB6}.Release|ARM.Deploy.0 = Release|ARM
		{FA475223-40AA-4D21-88B5-909DBA0A8EB6}.Release|iPhone.ActiveCfg = Release|x86
		{FA475223-40AA-4D21-88B5-909DBA0A8EB6}.Release|iPhoneSimulator.ActiveCfg = Release|x86
		{FA475223-40AA-4D21-88B5-909DBA0A8EB6}.Release|x64.ActiveCfg = Release|x64
		{FA475223-40AA-4D21-88B5-909DBA0A8EB6}.Release|x64.Build.0 = Release|x64
		{FA475223-40AA-4D21-88B5-909DBA0A8EB6}.Release|x64.Deploy.0 = Release|x64
		{FA475223-40AA-4D21-88B5-909DBA0A8EB6}.Release|x86.ActiveCfg = Release|x86
		{FA475223-40AA-4D21-88B5-909DBA0A8EB6}.Release|x86.Build.0 = Release|x86
		{FA475223-40AA-4D21-88B5-909DBA0A8EB6}.Release|x86.Deploy.0 = Release|x86
		{B6652B07-665B-4198-B5DA-8ACB2CBFDB44}.Ad-Hoc|Any CPU.ActiveCfg = Ad-Hoc|iPhone
		{B6652B07-665B-4198-B5DA-8ACB2CBFDB44}.Ad-Hoc|ARM.ActiveCfg = Ad-Hoc|iPhone
		{B6652B07-665B-4198-B5DA-8ACB2CBFDB44}.Ad-Hoc|iPhone.ActiveCfg = Ad-Hoc|iPhone
		{B6652B07-665B-4198-B5DA-8ACB2CBFDB44}.Ad-Hoc|iPhone.Build.0 = Ad-Hoc|iPhone
		{B6652B07-665B-4198-B5DA-8ACB2CBFDB44}.Ad-Hoc|iPhoneSimulator.ActiveCfg = Ad-Hoc|iPhoneSimulator
		{B6652B07-665B-4198-B5DA-8ACB2CBFDB44}.Ad-Hoc|iPhoneSimulator.Build.0 = Ad-Hoc|iPhoneSimulator
		{B6652B07-665B-4198-B5DA-8ACB2CBFDB44}.Ad-Hoc|x64.ActiveCfg = Ad-Hoc|iPhone
		{B6652B07-665B-4198-B5DA-8ACB2CBFDB44}.Ad-Hoc|x86.ActiveCfg = Ad-Hoc|iPhone
		{B6652B07-665B-4198-B5DA-8ACB2CBFDB44}.AppStore|Any CPU.ActiveCfg = AppStore|iPhone
		{B6652B07-665B-4198-B5DA-8ACB2CBFDB44}.AppStore|ARM.ActiveCfg = AppStore|iPhone
		{B6652B07-665B-4198-B5DA-8ACB2CBFDB44}.AppStore|iPhone.ActiveCfg = AppStore|iPhone
		{B6652B07-665B-4198-B5DA-8ACB2CBFDB44}.AppStore|iPhone.Build.0 = AppStore|iPhone
		{B6652B07-665B-4198-B5DA-8ACB2CBFDB44}.AppStore|iPhoneSimulator.ActiveCfg = AppStore|iPhoneSimulator
		{B6652B07-665B-4198-B5DA-8ACB2CBFDB44}.AppStore|iPhoneSimulator.Build.0 = AppStore|iPhoneSimulator
		{B6652B07-665B-4198-B5DA-8ACB2CBFDB44}.AppStore|x64.ActiveCfg = AppStore|iPhone
		{B6652B07-665B-4198-B5DA-8ACB2CBFDB44}.AppStore|x86.ActiveCfg = AppStore|iPhone
		{B6652B07-665B-4198-B5DA-8ACB2CBFDB44}.Debug|Any CPU.ActiveCfg = Debug|iPhone
		{B6652B07-665B-4198-B5DA-8ACB2CBFDB44}.Debug|ARM.ActiveCfg = Debug|iPhone
		{B6652B07-665B-4198-B5DA-8ACB2CBFDB44}.Debug|iPhone.ActiveCfg = Debug|iPhone
		{B6652B07-665B-4198-B5DA-8ACB2CBFDB44}.Debug|iPhone.Build.0 = Debug|iPhone
		{B6652B07-665B-4198-B5DA-8ACB2CBFDB44}.Debug|iPhoneSimulator.ActiveCfg = Debug|iPhoneSimulator
		{B6652B07-665B-4198-B5DA-8ACB2CBFDB44}.Debug|iPhoneSimulator.Build.0 = Debug|iPhoneSimulator
		{B6652B07-665B-4198-B5DA-8ACB2CBFDB44}.Debug|x64.ActiveCfg = Debug|iPhone
		{B6652B07-665B-4198-B5DA-8ACB2CBFDB44}.Debug|x86.ActiveCfg = Debug|iPhone
		{B6652B07-665B-4198-B5DA-8ACB2CBFDB44}.Release|Any CPU.ActiveCfg = Release|iPhone
		{B6652B07-665B-4198-B5DA-8ACB2CBFDB44}.Release|ARM.ActiveCfg = Release|iPhone
		{B6652B07-665B-4198-B5DA-8ACB2CBFDB44}.Release|iPhone.ActiveCfg = Release|iPhone
		{B6652B07-665B-4198-B5DA-8ACB2CBFDB44}.Release|iPhone.Build.0 = Release|iPhone
		{B6652B07-665B-4198-B5DA-8ACB2CBFDB44}.Release|iPhoneSimulator.ActiveCfg = Release|iPhoneSimulator
		{B6652B07-665B-4198-B5DA-8ACB2CBFDB44}.Release|iPhoneSimulator.Build.0 = Release|iPhoneSimulator
		{B6652B07-665B-4198-B5DA-8ACB2CBFDB44}.Release|x64.ActiveCfg = Release|iPhone
		{B6652B07-665B-4198-B5DA-8ACB2CBFDB44}.Release|x86.ActiveCfg = Release|iPhone
	EndGlobalSection
	GlobalSection(SolutionProperties) = preSolution
		HideSolutionNode = FALSE
	EndGlobalSection
EndGlobal
